
Microsoft Visual Studio Solution File, Format Version 11.00
# Visual Studio 2010
Project("{FAE04EC0-301F-11D3-BF4B-00C04F79EFBC}") = "SPARQL.NET", "SPARQL.NET\SPARQL.NET.csproj", "{5A32CBE1-CC36-481B-9DB1-B2D8FF9E7A6C}"
EndProject
Project("{FAE04EC0-301F-11D3-BF4B-00C04F79EFBC}") = "SPARQL.NET Client", "SPARQL.NET Client\SPARQL.NET Client.csproj", "{397E689E-C8C7-4A00-AF0A-1FCE4C94EB53}"
EndProject
Global
	GlobalSection(SolutionConfigurationPlatforms) = preSolution
		Debug|x86 = Debug|x86
		Release|x86 = Release|x86
	EndGlobalSection
	GlobalSection(ProjectConfigurationPlatforms) = postSolution
		{5A32CBE1-CC36-481B-9DB1-B2D8FF9E7A6C}.Debug|x86.ActiveCfg = Debug|x86
		{5A32CBE1-CC36-481B-9DB1-B2D8FF9E7A6C}.Debug|x86.Build.0 = Debug|x86
		{5A32CBE1-CC36-481B-9DB1-B2D8FF9E7A6C}.Release|x86.ActiveCfg = Release|x86
		{5A32CBE1-CC36-481B-9DB1-B2D8FF9E7A6C}.Release|x86.Build.0 = Release|x86
		{397E689E-C8C7-4A00-AF0A-1FCE4C94EB53}.Debug|x86.ActiveCfg = Debug|x86
		{397E689E-C8C7-4A00-AF0A-1FCE4C94EB53}.Debug|x86.Build.0 = Debug|x86
		{397E689E-C8C7-4A00-AF0A-1FCE4C94EB53}.Release|x86.ActiveCfg = Release|x86
		{397E689E-C8C7-4A00-AF0A-1FCE4C94EB53}.Release|x86.Build.0 = Release|x86
	EndGlobalSection
	GlobalSection(SolutionProperties) = preSolution
		HideSolutionNode = FALSE
	EndGlobalSection
EndGlobal
